<?xml version="1.0" encoding="utf-8"?>
<Project ToolsVersion="4.0" xmlns="http://schemas.microsoft.com/developer/msbuild/2003">
  <ItemGroup>
    <Filter Include="源文件">
      <UniqueIdentifier>{4FC737F1-C7A5-4376-A066-2A32D752A2FF}</UniqueIdentifier>
      <Extensions>cpp;c;cc;cxx;def;odl;idl;hpj;bat;asm;asmx</Extensions>
    </Filter>
    <Filter Include="头文件">
      <UniqueIdentifier>{93995380-89BD-4b04-88EB-625FBE52EBFB}</UniqueIdentifier>
      <Extensions>h;hh;hpp;hxx;hm;inl;inc;xsd</Extensions>
    </Filter>
    <Filter Include="资源文件">
      <UniqueIdentifier>{67DA6AB6-F800-4c08-8B7A-83BB121AAD01}</UniqueIdentifier>
      <Extensions>rc;ico;cur;bmp;dlg;rc2;rct;bin;rgs;gif;jpg;jpeg;jpe;resx;tiff;tif;png;wav;mfcribbon-ms</Extensions>
    </Filter>
    <Filter Include="TinyEngine">
      <UniqueIdentifier>{7ad02dc7-798a-4dce-99ec-77565bac9c4c}</UniqueIdentifier>
    </Filter>
  </ItemGroup>
  <ItemGroup>
    <ClInclude Include="T_enginetest.h">
      <Filter>头文件</Filter>
    </ClInclude>
    <ClInclude Include="TinyEngine\T_AI.h">
      <Filter>TinyEngine</Filter>
    </ClInclude>
    <ClInclude Include="TinyEngine\T_Audio.h">
      <Filter>TinyEngine</Filter>
    </ClInclude>
    <ClInclude Include="TinyEngine\T_Config.h">
      <Filter>TinyEngine</Filter>
    </ClInclude>
    <ClInclude Include="TinyEngine\T_Display.h">
      <Filter>TinyEngine</Filter>
    </ClInclude>
    <ClInclude Include="TinyEngine\T_Engine.h">
      <Filter>TinyEngine</Filter>
    </ClInclude>
    <ClInclude Include="TinyEngine\T_Graph.h">
      <Filter>TinyEngine</Filter>
    </ClInclude>
    <ClInclude Include="TinyEngine\T_Layer.h">
      <Filter>TinyEngine</Filter>
    </ClInclude>
    <ClInclude Include="TinyEngine\T_Map.h">
      <Filter>TinyEngine</Filter>
    </ClInclude>
    <ClInclude Include="TinyEngine\T_Menu.h">
      <Filter>TinyEngine</Filter>
    </ClInclude>
    <ClInclude Include="TinyEngine\T_Music.h">
      <Filter>TinyEngine</Filter>
    </ClInclude>
    <ClInclude Include="TinyEngine\T_Scene.h">
      <Filter>TinyEngine</Filter>
    </ClInclude>
    <ClInclude Include="TinyEngine\T_Sprite.h">
      <Filter>TinyEngine</Filter>
    </ClInclude>
    <ClInclude Include="TinyEngine\T_Util.h">
      <Filter>TinyEngine</Filter>
    </ClInclude>
    <ClInclude Include="TinyEngine\Mymenu.h">
      <Filter>TinyEngine</Filter>
    </ClInclude>
    <ClInclude Include="information.h">
      <Filter>头文件</Filter>
    </ClInclude>
    <ClInclude Include="Mario.h">
      <Filter>头文件</Filter>
    </ClInclude>
    <ClInclude Include="gameMusic.h">
      <Filter>头文件</Filter>
    </ClInclude>
    <ClInclude Include="MushRoom.h">
      <Filter>头文件</Filter>
    </ClInclude>
    <ClInclude Include="Fireball.h">
      <Filter>头文件</Filter>
    </ClInclude>
    <ClInclude Include="flag.h">
      <Filter>头文件</Filter>
    </ClInclude>
    <ClInclude Include="Goomba.h">
      <Filter>头文件</Filter>
    </ClInclude>
    <ClInclude Include="resource.h">
      <Filter>头文件</Filter>
    </ClInclude>
    <ClInclude Include="websocket.h">
      <Filter>头文件</Filter>
    </ClInclude>
    <ClInclude Include="OnlinePLayer.h">
      <Filter>头文件</Filter>
    </ClInclude>
    <ClInclude Include="MessageMenu.h">
      <Filter>头文件</Filter>
    </ClInclude>
  </ItemGroup>
  <ItemGroup>
    <ClCompile Include="T_enginetest.cpp">
      <Filter>源文件</Filter>
    </ClCompile>
    <ClCompile Include="TinyEngine\T_AI.cpp">
      <Filter>TinyEngine</Filter>
    </ClCompile>
    <ClCompile Include="TinyEngine\T_Audio.cpp">
      <Filter>TinyEngine</Filter>
    </ClCompile>
    <ClCompile Include="TinyEngine\T_Display.cpp">
      <Filter>TinyEngine</Filter>
    </ClCompile>
    <ClCompile Include="TinyEngine\T_Engine.cpp">
      <Filter>TinyEngine</Filter>
    </ClCompile>
    <ClCompile Include="TinyEngine\T_Graph.cpp">
      <Filter>TinyEngine</Filter>
    </ClCompile>
    <ClCompile Include="TinyEngine\T_Map.cpp">
      <Filter>TinyEngine</Filter>
    </ClCompile>
    <ClCompile Include="TinyEngine\T_Menu.cpp">
      <Filter>TinyEngine</Filter>
    </ClCompile>
    <ClCompile Include="TinyEngine\T_Music.cpp">
      <Filter>TinyEngine</Filter>
    </ClCompile>
    <ClCompile Include="TinyEngine\T_Scene.cpp">
      <Filter>TinyEngine</Filter>
    </ClCompile>
    <ClCompile Include="TinyEngine\T_Sprite.cpp">
      <Filter>TinyEngine</Filter>
    </ClCompile>
    <ClCompile Include="TinyEngine\T_Util.cpp">
      <Filter>TinyEngine</Filter>
    </ClCompile>
    <ClCompile Include="TinyEngine\Mymenu.cpp">
      <Filter>TinyEngine</Filter>
    </ClCompile>
    <ClCompile Include="information.cpp">
      <Filter>源文件</Filter>
    </ClCompile>
    <ClCompile Include="Mario.cpp">
      <Filter>源文件</Filter>
    </ClCompile>
    <ClCompile Include="gameMusic.cpp">
      <Filter>源文件</Filter>
    </ClCompile>
    <ClCompile Include="MushRoom.cpp">
      <Filter>源文件</Filter>
    </ClCompile>
    <ClCompile Include="Fireball.cpp">
      <Filter>源文件</Filter>
    </ClCompile>
    <ClCompile Include="flag.cpp">
      <Filter>源文件</Filter>
    </ClCompile>
    <ClCompile Include="Goomba.cpp">
      <Filter>源文件</Filter>
    </ClCompile>
    <ClCompile Include="websocket.cpp">
      <Filter>源文件</Filter>
    </ClCompile>
    <ClCompile Include="OnlinePlayer.cpp">
      <Filter>源文件</Filter>
    </ClCompile>
    <ClCompile Include="MessageMenu.cpp">
      <Filter>源文件</Filter>
    </ClCompile>
  </ItemGroup>
  <ItemGroup>
    <ResourceCompile Include="paint.rc">
      <Filter>资源文件</Filter>
    </ResourceCompile>
  </ItemGroup>
  <ItemGroup>
    <Image Include="res\Mario-Mushroom.ico">
      <Filter>资源文件</Filter>
    </Image>
  </ItemGroup>
</Project>